
Microsoft Visual Studio Solution File, Format Version 12.00
# Visual Studio 14
VisualStudioVersion = 14.0.25420.1
MinimumVisualStudioVersion = 10.0.40219.1
Project("{FAE04EC0-301F-11D3-BF4B-00C04F79EFBC}") = "ChildPro", "ChildPro\ChildPro.csproj", "{A75E45F5-67D7-4213-917E-6AC28E07543C}"
EndProject
Project("{FAE04EC0-301F-11D3-BF4B-00C04F79EFBC}") = "Models", "Models\Models.csproj", "{69FC15B0-A894-4552-878C-B037B9D599B9}"
EndProject
Project("{FAE04EC0-301F-11D3-BF4B-00C04F79EFBC}") = "DAL", "DAL\DAL.csproj", "{1D3EF5E1-1809-4C6A-91F1-58F8507D9ED2}"
EndProject
Project("{FAE04EC0-301F-11D3-BF4B-00C04F79EFBC}") = "IDAL", "IDAL\IDAL.csproj", "{10A00D78-611E-4CD2-967F-51CDE28A457C}"
EndProject
Project("{FAE04EC0-301F-11D3-BF4B-00C04F79EFBC}") = "DALFactory", "DALFactory\DALFactory.csproj", "{5DD566F8-4F53-4BF8-AD80-F6AAB6F67250}"
EndProject
Project("{FAE04EC0-301F-11D3-BF4B-00C04F79EFBC}") = "BLL", "BLL\BLL.csproj", "{92E096D2-24D9-4BAF-A0BF-2163B92CB42F}"
EndProject
Global
	GlobalSection(SolutionConfigurationPlatforms) = preSolution
		Debug|Any CPU = Debug|Any CPU
		Release|Any CPU = Release|Any CPU
	EndGlobalSection
	GlobalSection(ProjectConfigurationPlatforms) = postSolution
		{A75E45F5-67D7-4213-917E-6AC28E07543C}.Debug|Any CPU.ActiveCfg = Debug|Any CPU
		{A75E45F5-67D7-4213-917E-6AC28E07543C}.Debug|Any CPU.Build.0 = Debug|Any CPU
		{A75E45F5-67D7-4213-917E-6AC28E07543C}.Release|Any CPU.ActiveCfg = Release|Any CPU
		{A75E45F5-67D7-4213-917E-6AC28E07543C}.Release|Any CPU.Build.0 = Release|Any CPU
		{69FC15B0-A894-4552-878C-B037B9D599B9}.Debug|Any CPU.ActiveCfg = Debug|Any CPU
		{69FC15B0-A894-4552-878C-B037B9D599B9}.Debug|Any CPU.Build.0 = Debug|Any CPU
		{69FC15B0-A894-4552-878C-B037B9D599B9}.Release|Any CPU.ActiveCfg = Release|Any CPU
		{69FC15B0-A894-4552-878C-B037B9D599B9}.Release|Any CPU.Build.0 = Release|Any CPU
		{1D3EF5E1-1809-4C6A-91F1-58F8507D9ED2}.Debug|Any CPU.ActiveCfg = Debug|Any CPU
		{1D3EF5E1-1809-4C6A-91F1-58F8507D9ED2}.Debug|Any CPU.Build.0 = Debug|Any CPU
		{1D3EF5E1-1809-4C6A-91F1-58F8507D9ED2}.Release|Any CPU.ActiveCfg = Release|Any CPU
		{1D3EF5E1-1809-4C6A-91F1-58F8507D9ED2}.Release|Any CPU.Build.0 = Release|Any CPU
		{10A00D78-611E-4CD2-967F-51CDE28A457C}.Debug|Any CPU.ActiveCfg = Debug|Any CPU
		{10A00D78-611E-4CD2-967F-51CDE28A457C}.Debug|Any CPU.Build.0 = Debug|Any CPU
		{10A00D78-611E-4CD2-967F-51CDE28A457C}.Release|Any CPU.ActiveCfg = Release|Any CPU
		{10A00D78-611E-4CD2-967F-51CDE28A457C}.Release|Any CPU.Build.0 = Release|Any CPU
		{5DD566F8-4F53-4BF8-AD80-F6AAB6F67250}.Debug|Any CPU.ActiveCfg = Debug|Any CPU
		{5DD566F8-4F53-4BF8-AD80-F6AAB6F67250}.Debug|Any CPU.Build.0 = Debug|Any CPU
		{5DD566F8-4F53-4BF8-AD80-F6AAB6F67250}.Release|Any CPU.ActiveCfg = Release|Any CPU
		{5DD566F8-4F53-4BF8-AD80-F6AAB6F67250}.Release|Any CPU.Build.0 = Release|Any CPU
		{92E096D2-24D9-4BAF-A0BF-2163B92CB42F}.Debug|Any CPU.ActiveCfg = Debug|Any CPU
		{92E096D2-24D9-4BAF-A0BF-2163B92CB42F}.Debug|Any CPU.Build.0 = Debug|Any CPU
		{92E096D2-24D9-4BAF-A0BF-2163B92CB42F}.Release|Any CPU.ActiveCfg = Release|Any CPU
		{92E096D2-24D9-4BAF-A0BF-2163B92CB42F}.Release|Any CPU.Build.0 = Release|Any CPU
	EndGlobalSection
	GlobalSection(SolutionProperties) = preSolution
		HideSolutionNode = FALSE
	EndGlobalSection
EndGlobal
